lockfileVersion: '9.0'

settings:
  autoInstallPeers: true
  excludeLinksFromLockfile: false

importers:

  .:
    dependencies:
      '@mediapipe/tasks-vision':
        specifier: ^0.10.35
        version: 0.10.35
      '@netlify/blobs':
        specifier: ^8.1.0
        version: 8.2.0

packages:

  '@mediapipe/tasks-vision@0.10.35':
    resolution: {integrity: sha512-HOvadwVRE6JC+45nyYhmnywnr5h/J8KZvOeUNVOG9q/0875pZgItznFB9bRTvLc264YSJqiZ1NsIpCStJw/egg==}

  '@netlify/blobs@8.2.0':
    resolution: {integrity: sha512-9djLZHBKsoKk8XCgwWSEPK9QnT8qqxEQGuYh48gFIcNLvpBKkLnHbDZuyUxmNemCfDz7h0HnMXgSPnnUVgARhg==}
    engines: {node: ^14.16.0 || >=16.0.0}

snapshots:

  '@mediapipe/tasks-vision@0.10.35': {}

  '@netlify/blobs@8.2.0': {}
